{
  "name": "proyecto-final",
  "version": "1.0.0",
  "lockfileVersion": 1,
  "requires": true,
  "dependencies": {
    "currently": {
      "version": "0.0.8",
      "resolved": "https://registry.npmjs.org/currently/-/currently-0.0.8.tgz",
      "integrity": "sha1-MeB9CpDB4fpQrIB6guPYFlvXkw4="
    }
  }
}
